
Microsoft Visual Studio Solution File, Format Version 12.00
# Visual Studio Version 17
VisualStudioVersion = 17.1.32210.238
MinimumVisualStudioVersion = 10.0.40219.1
Project("{FAE04EC0-301F-11D3-BF4B-00C04F79EFBC}") = "kpl07", "kpl07\kpl07.csproj", "{B244F6EB-F8B1-4C40-AED7-A3B47AFE35FE}"
EndProject
Global
	GlobalSection(SolutionConfigurationPlatforms) = preSolution
		Debug|Any CPU = Debug|Any CPU
		Release|Any CPU = Release|Any CPU
	EndGlobalSection
	GlobalSection(ProjectConfigurationPlatforms) = postSolution
		{B244F6EB-F8B1-4C40-AED7-A3B47AFE35FE}.Debug|Any CPU.ActiveCfg = Debug|Any CPU
		{B244F6EB-F8B1-4C40-AED7-A3B47AFE35FE}.Debug|Any CPU.Build.0 = Debug|Any CPU
		{B244F6EB-F8B1-4C40-AED7-A3B47AFE35FE}.Release|Any CPU.ActiveCfg = Release|Any CPU
		{B244F6EB-F8B1-4C40-AED7-A3B47AFE35FE}.Release|Any CPU.Build.0 = Release|Any CPU
	EndGlobalSection
	GlobalSection(SolutionProperties) = preSolution
		HideSolutionNode = FALSE
	EndGlobalSection
	GlobalSection(ExtensibilityGlobals) = postSolution
		SolutionGuid = {4E48ACC6-3C9B-49D8-84E7-9924DBF54F01}
	EndGlobalSection
EndGlobal
